// !$*UTF8*$!
{
	archiveVersion = 1;
	classes = {
	};
	objectVersion = 55;
	objects = {

/* Begin PBXBuildFile section */
		6D38C47427E6053700809373 /* AppDelegate.swift in Sources */ = {isa = PBXBuildFile; fileRef = 6D38C47327E6053700809373 /* AppDelegate.swift */; };
		6D38C47627E6053700809373 /* SceneDelegate.swift in Sources */ = {isa = PBXBuildFile; fileRef = 6D38C47527E6053700809373 /* SceneDelegate.swift */; };
		6D38C47827E6053700809373 /* MoviesViewController.swift in Sources */ = {isa = PBXBuildFile; fileRef = 6D38C47727E6053700809373 /* MoviesViewController.swift */; };
		6D38C47D27E6053B00809373 /* Assets.xcassets in Resources */ = {isa = PBXBuildFile; fileRef = 6D38C47C27E6053B00809373 /* Assets.xcassets */; };
		6D38C48027E6053B00809373 /* LaunchScreen.storyboard in Resources */ = {isa = PBXBuildFile; fileRef = 6D38C47E27E6053B00809373 /* LaunchScreen.storyboard */; };
		6D38C48B27E6053B00809373 /* chpanPW8Tests.swift in Sources */ = {isa = PBXBuildFile; fileRef = 6D38C48A27E6053B00809373 /* chpanPW8Tests.swift */; };
		6D38C49527E6053B00809373 /* chpanPW8UITests.swift in Sources */ = {isa = PBXBuildFile; fileRef = 6D38C49427E6053B00809373 /* chpanPW8UITests.swift */; };
		6D38C49727E6053B00809373 /* chpanPW8UITestsLaunchTests.swift in Sources */ = {isa = PBXBuildFile; fileRef = 6D38C49627E6053B00809373 /* chpanPW8UITestsLaunchTests.swift */; };
		6D38C4A727E606B400809373 /* MovieCell.swift in Sources */ = {isa = PBXBuildFile; fileRef = 6D38C4A627E606B400809373 /* MovieCell.swift */; };
		6D38C4A927E60BD800809373 /* Movie.swift in Sources */ = {isa = PBXBuildFile; fileRef = 6D38C4A827E60BD800809373 /* Movie.swift */; };
		6D38C4AB27E6278D00809373 /* TabBarController.swift in Sources */ = {isa = PBXBuildFile; fileRef = 6D38C4AA27E6278D00809373 /* TabBarController.swift */; };
		6D38C4AD27E6299800809373 /* SearchViewController.swift in Sources */ = {isa = PBXBuildFile; fileRef = 6D38C4AC27E6299800809373 /* SearchViewController.swift */; };
		6D38C4AF27E63E7900809373 /* PagingViewController.swift in Sources */ = {isa = PBXBuildFile; fileRef = 6D38C4AE27E63E7900809373 /* PagingViewController.swift */; };
		6D38C4B127E645E200809373 /* ScrollViewController.swift in Sources */ = {isa = PBXBuildFile; fileRef = 6D38C4B027E645E200809373 /* ScrollViewController.swift */; };
		6D38C4B327E64F6700809373 /* WebViewController.swift in Sources */ = {isa = PBXBuildFile; fileRef = 6D38C4B227E64F6700809373 /* WebViewController.swift */; };
		6D38C4B527E64FA500809373 /* UIViewPin.swift in Sources */ = {isa = PBXBuildFile; fileRef = 6D38C4B427E64FA500809373 /* UIViewPin.swift */; };
/* End PBXBuildFile section */

/* Begin PBXContainerItemProxy section */
		6D38C48727E6053B00809373 /* PBXContainerItemProxy */ = {
			isa = PBXContainerItemProxy;
			containerPortal = 6D38C46827E6053700809373 /* Project object */;
			proxyType = 1;
			remoteGlobalIDString = 6D38C46F27E6053700809373;
			remoteInfo = chpanPW8;
		};
		6D38C49127E6053B00809373 /* PBXContainerItemProxy */ = {
			isa = PBXContainerItemProxy;
			containerPortal = 6D38C46827E6053700809373 /* Project object */;
			proxyType = 1;
			remoteGlobalIDString = 6D38C46F27E6053700809373;
			remoteInfo = chpanPW8;
		};
/* End PBXContainerItemProxy section */

/* Begin PBXFileReference section */
		6D38C47027E6053700809373 /* chpanPW8.app */ = {isa = PBXFileReference; explicitFileType = wrapper.application; includeInIndex = 0; path = chpanPW8.app; sourceTree = BUILT_PRODUCTS_DIR; };
		6D38C47327E6053700809373 /* AppDelegate.swift */ = {isa = PBXFileReference; lastKnownFileType = sourcecode.swift; path = AppDelegate.swift; sourceTree = "<group>"; };
		6D38C47527E6053700809373 /* SceneDelegate.swift */ = {isa = PBXFileReference; lastKnownFileType = sourcecode.swift; path = SceneDelegate.swift; sourceTree = "<group>"; };
		6D38C47727E6053700809373 /* MoviesViewController.swift */ = {isa = PBXFileReference; lastKnownFileType = sourcecode.swift; path = MoviesViewController.swift; sourceTree = "<group>"; };
		6D38C47C27E6053B00809373 /* Assets.xcassets */ = {isa = PBXFileReference; lastKnownFileType = folder.assetcatalog; path = Assets.xcassets; sourceTree = "<group>"; };
		6D38C47F27E6053B00809373 /* Base */ = {isa = PBXFileReference; lastKnownFileType = file.storyboard; name = Base; path = Base.lproj/LaunchScreen.storyboard; sourceTree = "<group>"; };
		6D38C48127E6053B00809373 /* Info.plist */ = {isa = PBXFileReference; lastKnownFileType = text.plist.xml; path = Info.plist; sourceTree = "<group>"; };
		6D38C48627E6053B00809373 /* chpanPW8Tests.xctest */ = {isa = PBXFileReference; explicitFileType = wrapper.cfbundle; includeInIndex = 0; path = chpanPW8Tests.xctest; sourceTree = BUILT_PRODUCTS_DIR; };
		6D38C48A27E6053B00809373 /* chpanPW8Tests.swift */ = {isa = PBXFileReference; lastKnownFileType = sourcecode.swift; path = chpanPW8Tests.swift; sourceTree = "<group>"; };
		6D38C49027E6053B00809373 /* chpanPW8UITests.xctest */ = {isa = PBXFileReference; explicitFileType = wrapper.cfbundle; includeInIndex = 0; path = chpanPW8UITests.xctest; sourceTree = BUILT_PRODUCTS_DIR; };
		6D38C49427E6053B00809373 /* chpanPW8UITests.swift */ = {isa = PBXFileReference; lastKnownFileType = sourcecode.swift; path = chpanPW8UITests.swift; sourceTree = "<group>"; };
		6D38C49627E6053B00809373 /* chpanPW8UITestsLaunchTests.swift */ = {isa = PBXFileReference; lastKnownFileType = sourcecode.swift; path = chpanPW8UITestsLaunchTests.swift; sourceTree = "<group>"; };
		6D38C4A627E606B400809373 /* MovieCell.swift */ = {isa = PBXFileReference; lastKnownFileType = sourcecode.swift; path = MovieCell.swift; sourceTree = "<group>"; };
		6D38C4A827E60BD800809373 /* Movie.swift */ = {isa = PBXFileReference; lastKnownFileType = sourcecode.swift; path = Movie.swift; sourceTree = "<group>"; };
		6D38C4AA27E6278D00809373 /* TabBarController.swift */ = {isa = PBXFileReference; lastKnownFileType = sourcecode.swift; path = TabBarController.swift; sourceTree = "<group>"; };
		6D38C4AC27E6299800809373 /* SearchViewController.swift */ = {isa = PBXFileReference; lastKnownFileType = sourcecode.swift; path = SearchViewController.swift; sourceTree = "<group>"; };
		6D38C4AE27E63E7900809373 /* PagingViewController.swift */ = {isa = PBXFileReference; lastKnownFileType = sourcecode.swift; path = PagingViewController.swift; sourceTree = "<group>"; };
		6D38C4B027E645E200809373 /* ScrollViewController.swift */ = {isa = PBXFileReference; lastKnownFileType = sourcecode.swift; path = ScrollViewController.swift; sourceTree = "<group>"; };
		6D38C4B227E64F6700809373 /* WebViewController.swift */ = {isa = PBXFileReference; lastKnownFileType = sourcecode.swift; path = WebViewController.swift; sourceTree = "<group>"; };
		6D38C4B427E64FA500809373 /* UIViewPin.swift */ = {isa = PBXFileReference; lastKnownFileType = sourcecode.swift; path = UIViewPin.swift; sourceTree = "<group>"; };
/* End PBXFileReference section */

/* Begin PBXFrameworksBuildPhase section */
		6D38C46D27E6053700809373 /* Frameworks */ = {
			isa = PBXFrameworksBuildPhase;
			buildActionMask = 2147483647;
			files = (
			);
			runOnlyForDeploymentPostprocessing = 0;
		};
		6D38C48327E6053B00809373 /* Frameworks */ = {
			isa = PBXFrameworksBuildPhase;
			buildActionMask = 2147483647;
			files = (
			);
			runOnlyForDeploymentPostprocessing = 0;
		};
		6D38C48D27E6053B00809373 /* Frameworks */ = {
			isa = PBXFrameworksBuildPhase;
			buildActionMask = 2147483647;
			files = (
			);
			runOnlyForDeploymentPostprocessing = 0;
		};
/* End PBXFrameworksBuildPhase section */

/* Begin PBXGroup section */
		6D38C46727E6053700809373 = {
			isa = PBXGroup;
			children = (
				6D38C47227E6053700809373 /* chpanPW8 */,
				6D38C48927E6053B00809373 /* chpanPW8Tests */,
				6D38C49327E6053B00809373 /* chpanPW8UITests */,
				6D38C47127E6053700809373 /* Products */,
			);
			sourceTree = "<group>";
		};
		6D38C47127E6053700809373 /* Products */ = {
			isa = PBXGroup;
			children = (
				6D38C47027E6053700809373 /* chpanPW8.app */,
				6D38C48627E6053B00809373 /* chpanPW8Tests.xctest */,
				6D38C49027E6053B00809373 /* chpanPW8UITests.xctest */,
			);
			name = Products;
			sourceTree = "<group>";
		};
		6D38C47227E6053700809373 /* chpanPW8 */ = {
			isa = PBXGroup;
			children = (
				6D38C4A427E6062300809373 /* Controllers */,
				6D38C47327E6053700809373 /* AppDelegate.swift */,
				6D38C47527E6053700809373 /* SceneDelegate.swift */,
				6D38C47C27E6053B00809373 /* Assets.xcassets */,
				6D38C47E27E6053B00809373 /* LaunchScreen.storyboard */,
				6D38C48127E6053B00809373 /* Info.plist */,
				6D38C4A627E606B400809373 /* MovieCell.swift */,
				6D38C4A827E60BD800809373 /* Movie.swift */,
				6D38C4B427E64FA500809373 /* UIViewPin.swift */,
			);
			path = chpanPW8;
			sourceTree = "<group>";
		};
		6D38C48927E6053B00809373 /* chpanPW8Tests */ = {
			isa = PBXGroup;
			children = (
				6D38C48A27E6053B00809373 /* chpanPW8Tests.swift */,
			);
			path = chpanPW8Tests;
			sourceTree = "<group>";
		};
		6D38C49327E6053B00809373 /* chpanPW8UITests */ = {
			isa = PBXGroup;
			children = (
				6D38C49427E6053B00809373 /* chpanPW8UITests.swift */,
				6D38C49627E6053B00809373 /* chpanPW8UITestsLaunchTests.swift */,
			);
			path = chpanPW8UITests;
			sourceTree = "<group>";
		};
		6D38C4A427E6062300809373 /* Controllers */ = {
			isa = PBXGroup;
			children = (
				6D38C47727E6053700809373 /* MoviesViewController.swift */,
				6D38C4AA27E6278D00809373 /* TabBarController.swift */,
				6D38C4AC27E6299800809373 /* SearchViewController.swift */,
				6D38C4AE27E63E7900809373 /* PagingViewController.swift */,
				6D38C4B027E645E200809373 /* ScrollViewController.swift */,
				6D38C4B227E64F6700809373 /* WebViewController.swift */,
			);
			path = Controllers;
			sourceTree = "<group>";
		};
/* End PBXGroup section */

/* Begin PBXNativeTarget section */
		6D38C46F27E6053700809373 /* chpanPW8 */ = {
			isa = PBXNativeTarget;
			buildConfigurationList = 6D38C49A27E6053B00809373 /* Build configuration list for PBXNativeTarget "chpanPW8" */;
			buildPhases = (
				6D38C46C27E6053700809373 /* Sources */,
				6D38C46D27E6053700809373 /* Frameworks */,
				6D38C46E27E6053700809373 /* Resources */,
			);
			buildRules = (
			);
			dependencies = (
			);
			name = chpanPW8;
			productName = chpanPW8;
			productReference = 6D38C47027E6053700809373 /* chpanPW8.app */;
			productType = "com.apple.product-type.application";
		};
		6D38C48527E6053B00809373 /* chpanPW8Tests */ = {
			isa = PBXNativeTarget;
			buildConfigurationList = 6D38C49D27E6053B00809373 /* Build configuration list for PBXNativeTarget "chpanPW8Tests" */;
			buildPhases = (
				6D38C48227E6053B00809373 /* Sources */,
				6D38C48327E6053B00809373 /* Frameworks */,
				6D38C48427E6053B00809373 /* Resources */,
			);
			buildRules = (
			);
			dependencies = (
				6D38C48827E6053B00809373 /* PBXTargetDependency */,
			);
			name = chpanPW8Tests;
			productName = chpanPW8Tests;
			productReference = 6D38C48627E6053B00809373 /* chpanPW8Tests.xctest */;
			productType = "com.apple.product-type.bundle.unit-test";
		};
		6D38C48F27E6053B00809373 /* chpanPW8UITests */ = {
			isa = PBXNativeTarget;
			buildConfigurationList = 6D38C4A027E6053B00809373 /* Build configuration list for PBXNativeTarget "chpanPW8UITests" */;
			buildPhases = (
				6D38C48C27E6053B00809373 /* Sources */,
				6D38C48D27E6053B00809373 /* Frameworks */,
				6D38C48E27E6053B00809373 /* Resources */,
			);
			buildRules = (
			);
			dependencies = (
				6D38C49227E6053B00809373 /* PBXTargetDependency */,
			);
			name = chpanPW8UITests;
			productName = chpanPW8UITests;
			productReference = 6D38C49027E6053B00809373 /* chpanPW8UITests.xctest */;
			productType = "com.apple.product-type.bundle.ui-testing";
		};
/* End PBXNativeTarget section */

/* Begin PBXProject section */
		6D38C46827E6053700809373 /* Project object */ = {
			isa = PBXProject;
			attributes = {
				BuildIndependentTargetsInParallel = 1;
				LastSwiftUpdateCheck = 1330;
				LastUpgradeCheck = 1330;
				TargetAttributes = {
					6D38C46F27E6053700809373 = {
						CreatedOnToolsVersion = 13.3;
					};
					6D38C48527E6053B00809373 = {
						CreatedOnToolsVersion = 13.3;
						TestTargetID = 6D38C46F27E6053700809373;
					};
					6D38C48F27E6053B00809373 = {
						CreatedOnToolsVersion = 13.3;
						TestTargetID = 6D38C46F27E6053700809373;
					};
				};
			};
			buildConfigurationList = 6D38C46B27E6053700809373 /* Build configuration list for PBXProject "chpanPW8" */;
			compatibilityVersion = "Xcode 13.0";
			developmentRegion = en;
			hasScannedForEncodings = 0;
			knownRegions = (
				en,
				Base,
			);
			mainGroup = 6D38C46727E6053700809373;
			productRefGroup = 6D38C47127E6053700809373 /* Products */;
			projectDirPath = "";
			projectRoot = "";
			targets = (
				6D38C46F27E6053700809373 /* chpanPW8 */,
				6D38C48527E6053B00809373 /* chpanPW8Tests */,
				6D38C48F27E6053B00809373 /* chpanPW8UITests */,
			);
		};
/* End PBXProject section */

/* Begin PBXResourcesBuildPhase section */
		6D38C46E27E6053700809373 /* Resources */ = {
			isa = PBXResourcesBuildPhase;
			buildActionMask = 2147483647;
			files = (
				6D38C48027E6053B00809373 /* LaunchScreen.storyboard in Resources */,
				6D38C47D27E6053B00809373 /* Assets.xcassets in Resources */,
			);
			runOnlyForDeploymentPostprocessing = 0;
		};
		6D38C48427E6053B00809373 /* Resources */ = {
			isa = PBXResourcesBuildPhase;
			buildActionMask = 2147483647;
			files = (
			);
			runOnlyForDeploymentPostprocessing = 0;
		};
		6D38C48E27E6053B00809373 /* Resources */ = {
			isa = PBXResourcesBuildPhase;
			buildActionMask = 2147483647;
			files = (
			);
			runOnlyForDeploymentPostprocessing = 0;
		};
/* End PBXResourcesBuildPhase section */

/* Begin PBXSourcesBuildPhase section */
		6D38C46C27E6053700809373 /* Sources */ = {
			isa = PBXSourcesBuildPhase;
			buildActionMask = 2147483647;
			files = (
				6D38C4B527E64FA500809373 /* UIViewPin.swift in Sources */,
				6D38C47827E6053700809373 /* MoviesViewController.swift in Sources */,
				6D38C4AD27E6299800809373 /* SearchViewController.swift in Sources */,
				6D38C4AF27E63E7900809373 /* PagingViewController.swift in Sources */,
				6D38C4B327E64F6700809373 /* WebViewController.swift in Sources */,
				6D38C47427E6053700809373 /* AppDelegate.swift in Sources */,
				6D38C4B127E645E200809373 /* ScrollViewController.swift in Sources */,
				6D38C4A727E606B400809373 /* MovieCell.swift in Sources */,
				6D38C4AB27E6278D00809373 /* TabBarController.swift in Sources */,
				6D38C47627E6053700809373 /* SceneDelegate.swift in Sources */,
				6D38C4A927E60BD800809373 /* Movie.swift in Sources */,
			);
			runOnlyForDeploymentPostprocessing = 0;
		};
		6D38C48227E6053B00809373 /* Sources */ = {
			isa = PBXSourcesBuildPhase;
			buildActionMask = 2147483647;
			files = (
				6D38C48B27E6053B00809373 /* chpanPW8Tests.swift in Sources */,
			);
			runOnlyForDeploymentPostprocessing = 0;
		};
		6D38C48C27E6053B00809373 /* Sources */ = {
			isa = PBXSourcesBuildPhase;
			buildActionMask = 2147483647;
			files = (
				6D38C49727E6053B00809373 /* chpanPW8UITestsLaunchTests.swift in Sources */,
				6D38C49527E6053B00809373 /* chpanPW8UITests.swift in Sources */,
			);
			runOnlyForDeploymentPostprocessing = 0;
		};
/* End PBXSourcesBuildPhase section */

/* Begin PBXTargetDependency section */
		6D38C48827E6053B00809373 /* PBXTargetDependency */ = {
			isa = PBXTargetDependency;
			target = 6D38C46F27E6053700809373 /* chpanPW8 */;
			targetProxy = 6D38C48727E6053B00809373 /* PBXContainerItemProxy */;
		};
		6D38C49227E6053B00809373 /* PBXTargetDependency */ = {
			isa = PBXTargetDependency;
			target = 6D38C46F27E6053700809373 /* chpanPW8 */;
			targetProxy = 6D38C49127E6053B00809373 /* PBXContainerItemProxy */;
		};
/* End PBXTargetDependency section */

/* Begin PBXVariantGroup section */
		6D38C47E27E6053B00809373 /* LaunchScreen.storyboard */ = {
			isa = PBXVariantGroup;
			children = (
				6D38C47F27E6053B00809373 /* Base */,
			);
			name = LaunchScreen.storyboard;
			sourceTree = "<group>";
		};
/* End PBXVariantGroup section */

/* Begin XCBuildConfiguration section */
		6D38C49827E6053B00809373 /* Debug */ = {
			isa = XCBuildConfiguration;
			buildSettings = {
				ALWAYS_SEARCH_USER_PATHS = NO;
				CLANG_ANALYZER_NONNULL = YES;
				CLANG_ANALYZER_NUMBER_OBJECT_CONVERSION = YES_AGGRESSIVE;
				CLANG_CXX_LANGUAGE_STANDARD = "gnu++17";
				CLANG_ENABLE_MODULES = YES;
				CLANG_ENABLE_OBJC_ARC = YES;
				CLANG_ENABLE_OBJC_WEAK = YES;
				CLANG_WARN_BLOCK_CAPTURE_AUTORELEASING = YES;
				CLANG_WARN_BOOL_CONVERSION = YES;
				CLANG_WARN_COMMA = YES;
				CLANG_WARN_CONSTANT_CONVERSION = YES;
				CLANG_WARN_DEPRECATED_OBJC_IMPLEMENTATIONS = YES;
				CLANG_WARN_DIRECT_OBJC_ISA_USAGE = YES_ERROR;
				CLANG_WARN_DOCUMENTATION_COMMENTS = YES;
				CLANG_WARN_EMPTY_BODY = YES;
				CLANG_WARN_ENUM_CONVERSION = YES;
				CLANG_WARN_INFINITE_RECURSION = YES;
				CLANG_WARN_INT_CONVERSION = YES;
				CLANG_WARN_NON_LITERAL_NULL_CONVERSION = YES;
				CLANG_WARN_OBJC_IMPLICIT_RETAIN_SELF = YES;
				CLANG_WARN_OBJC_LITERAL_CONVERSION = YES;
				CLANG_WARN_OBJC_ROOT_CLASS = YES_ERROR;
				CLANG_WARN_QUOTED_INCLUDE_IN_FRAMEWORK_HEADER = YES;
				CLANG_WARN_RANGE_LOOP_ANALYSIS = YES;
				CLANG_WARN_STRICT_PROTOTYPES = YES;
				CLANG_WARN_SUSPICIOUS_MOVE = YES;
				CLANG_WARN_UNGUARDED_AVAILABILITY = YES_AGGRESSIVE;
				CLANG_WARN_UNREACHABLE_CODE = YES;
				CLANG_WARN__DUPLICATE_METHOD_MATCH = YES;
				COPY_PHASE_STRIP = NO;
				DEBUG_INFORMATION_FORMAT = dwarf;
				ENABLE_STRICT_OBJC_MSGSEND = YES;
				ENABLE_TESTABILITY = YES;
				GCC_C_LANGUAGE_STANDARD = gnu11;
				GCC_DYNAMIC_NO_PIC = NO;
				GCC_NO_COMMON_BLOCKS = YES;
				GCC_OPTIMIZATION_LEVEL = 0;
				GCC_PREPROCESSOR_DEFINITIONS = (
					"DEBUG=1",
					"$(inherited)",
				);
				GCC_WARN_64_TO_32_BIT_CONVERSION = YES;
				GCC_WARN_ABOUT_RETURN_TYPE = YES_ERROR;
				GCC_WARN_UNDECLARED_SELECTOR = YES;
				GCC_WARN_UNINITIALIZED_AUTOS = YES_AGGRESSIVE;
				GCC_WARN_UNUSED_FUNCTION = YES;
				GCC_WARN_UNUSED_VARIABLE = YES;
				IPHONEOS_DEPLOYMENT_TARGET = 15.4;
				MTL_ENABLE_DEBUG_INFO = INCLUDE_SOURCE;
				MTL_FAST_MATH = YES;
				ONLY_ACTIVE_ARCH = YES;
				SDKROOT = iphoneos;
				SWIFT_ACTIVE_COMPILATION_CONDITIONS = DEBUG;
				SWIFT_OPTIMIZATION_LEVEL = "-Onone";
			};
			name = Debug;
		};
		6D38C49927E6053B00809373 /* Release */ = {
			isa = XCBuildConfiguration;
			buildSettings = {
				ALWAYS_SEARCH_USER_PATHS = NO;
				CLANG_ANALYZER_NONNULL = YES;
				CLANG_ANALYZER_NUMBER_OBJECT_CONVERSION = YES_AGGRESSIVE;
				CLANG_CXX_LANGUAGE_STANDARD = "gnu++17";
				CLANG_ENABLE_MODULES = YES;
				CLANG_ENABLE_OBJC_ARC = YES;
				CLANG_ENABLE_OBJC_WEAK = YES;
				CLANG_WARN_BLOCK_CAPTURE_AUTORELEASING = YES;
				CLANG_WARN_BOOL_CONVERSION = YES;
				CLANG_WARN_COMMA = YES;
				CLANG_WARN_CONSTANT_CONVERSION = YES;
				CLANG_WARN_DEPRECATED_OBJC_IMPLEMENTATIONS = YES;
				CLANG_WARN_DIRECT_OBJC_ISA_USAGE = YES_ERROR;
				CLANG_WARN_DOCUMENTATION_COMMENTS = YES;
				CLANG_WARN_EMPTY_BODY = YES;
				CLANG_WARN_ENUM_CONVERSION = YES;
				CLANG_WARN_INFINITE_RECURSION = YES;
				CLANG_WARN_INT_CONVERSION = YES;
				CLANG_WARN_NON_LITERAL_NULL_CONVERSION = YES;
				CLANG_WARN_OBJC_IMPLICIT_RETAIN_SELF = YES;
				CLANG_WARN_OBJC_LITERAL_CONVERSION = YES;
				CLANG_WARN_OBJC_ROOT_CLASS = YES_ERROR;
				CLANG_WARN_QUOTED_INCLUDE_IN_FRAMEWORK_HEADER = YES;
				CLANG_WARN_RANGE_LOOP_ANALYSIS = YES;
				CLANG_WARN_STRICT_PROTOTYPES = YES;
				CLANG_WARN_SUSPICIOUS_MOVE = YES;
				CLANG_WARN_UNGUARDED_AVAILABILITY = YES_AGGRESSIVE;
				CLANG_WARN_UNREACHABLE_CODE = YES;
				CLANG_WARN__DUPLICATE_METHOD_MATCH = YES;
				COPY_PHASE_STRIP = NO;
				DEBUG_INFORMATION_FORMAT = "dwarf-with-dsym";
				ENABLE_NS_ASSERTIONS = NO;
				ENABLE_STRICT_OBJC_MSGSEND = YES;
				GCC_C_LANGUAGE_STANDARD = gnu11;
				GCC_NO_COMMON_BLOCKS = YES;
				GCC_WARN_64_TO_32_BIT_CONVERSION = YES;
				GCC_WARN_ABOUT_RETURN_TYPE = YES_ERROR;
				GCC_WARN_UNDECLARED_SELECTOR = YES;
				GCC_WARN_UNINITIALIZED_AUTOS = YES_AGGRESSIVE;
				GCC_WARN_UNUSED_FUNCTION = YES;
				GCC_WARN_UNUSED_VARIABLE = YES;
				IPHONEOS_DEPLOYMENT_TARGET = 15.4;
				MTL_ENABLE_DEBUG_INFO = NO;
				MTL_FAST_MATH = YES;
				SDKROOT = iphoneos;
				SWIFT_COMPILATION_MODE = wholemodule;
				SWIFT_OPTIMIZATION_LEVEL = "-O";
				VALIDATE_PRODUCT = YES;
			};
			name = Release;
		};
		6D38C49B27E6053B00809373 /* Debug */ = {
			isa = XCBuildConfiguration;
			buildSettings = {
				ASSETCATALOG_COMPILER_APPICON_NAME = AppIcon;
				ASSETCATALOG_COMPILER_GLOBAL_ACCENT_COLOR_NAME = AccentColor;
				CODE_SIGN_STYLE = Automatic;
				CURRENT_PROJECT_VERSION = 1;
				DEVELOPMENT_TEAM = ADA785NP67;
				GENERATE_INFOPLIST_FILE = YES;
				INFOPLIST_FILE = chpanPW8/Info.plist;
				INFOPLIST_KEY_UIApplicationSupportsIndirectInputEvents = YES;
				INFOPLIST_KEY_UILaunchStoryboardName = LaunchScreen;
				INFOPLIST_KEY_UISupportedInterfaceOrientations_iPad = "UIInterfaceOrientationPortrait UIInterfaceOrientationPortraitUpsideDown UIInterfaceOrientationLandscapeLeft UIInterfaceOrientationLandscapeRight";
				INFOPLIST_KEY_UISupportedInterfaceOrientations_iPhone = "UIInterfaceOrientationPortrait UIInterfaceOrientationLandscapeLeft UIInterfaceOrientationLandscapeRight";
				LD_RUNPATH_SEARCH_PATHS = (
					"$(inherited)",
					"@executable_path/Frameworks",
				);
				MARKETING_VERSION = 1.0;
				PRODUCT_BUNDLE_IDENTIFIER = HSE.chpanPW8;
				PRODUCT_NAME = "$(TARGET_NAME)";
				SWIFT_EMIT_LOC_STRINGS = YES;
				SWIFT_VERSION = 5.0;
				TARGETED_DEVICE_FAMILY = "1,2";
			};
			name = Debug;
		};
		6D38C49C27E6053B00809373 /* Release */ = {
			isa = XCBuildConfiguration;
			buildSettings = {
				ASSETCATALOG_COMPILER_APPICON_NAME = AppIcon;
				ASSETCATALOG_COMPILER_GLOBAL_ACCENT_COLOR_NAME = AccentColor;
				CODE_SIGN_STYLE = Automatic;
				CURRENT_PROJECT_VERSION = 1;
				DEVELOPMENT_TEAM = ADA785NP67;
				GENERATE_INFOPLIST_FILE = YES;
				INFOPLIST_FILE = chpanPW8/Info.plist;
				INFOPLIST_KEY_UIApplicationSupportsIndirectInputEvents = YES;
				INFOPLIST_KEY_UILaunchStoryboardName = LaunchScreen;
				INFOPLIST_KEY_UISupportedInterfaceOrientations_iPad = "UIInterfaceOrientationPortrait UIInterfaceOrientationPortraitUpsideDown UIInterfaceOrientationLandscapeLeft UIInterfaceOrientationLandscapeRight";
				INFOPLIST_KEY_UISupportedInterfaceOrientations_iPhone = "UIInterfaceOrientationPortrait UIInterfaceOrientationLandscapeLeft UIInterfaceOrientationLandscapeRight";
				LD_RUNPATH_SEARCH_PATHS = (
					"$(inherited)",
					"@executable_path/Frameworks",
				);
				MARKETING_VERSION = 1.0;
				PRODUCT_BUNDLE_IDENTIFIER = HSE.chpanPW8;
				PRODUCT_NAME = "$(TARGET_NAME)";
				SWIFT_EMIT_LOC_STRINGS = YES;
				SWIFT_VERSION = 5.0;
				TARGETED_DEVICE_FAMILY = "1,2";
			};
			name = Release;
		};
		6D38C49E27E6053B00809373 /* Debug */ = {
			isa = XCBuildConfiguration;
			buildSettings = {
				ALWAYS_EMBED_SWIFT_STANDARD_LIBRARIES = YES;
				BUNDLE_LOADER = "$(TEST_HOST)";
				CODE_SIGN_STYLE = Automatic;
				CURRENT_PROJECT_VERSION = 1;
				DEVELOPMENT_TEAM = ADA785NP67;
				GENERATE_INFOPLIST_FILE = YES;
				IPHONEOS_DEPLOYMENT_TARGET = 15.4;
				MARKETING_VERSION = 1.0;
				PRODUCT_BUNDLE_IDENTIFIER = HSE.chpanPW8Tests;
				PRODUCT_NAME = "$(TARGET_NAME)";
				SWIFT_EMIT_LOC_STRINGS = NO;
				SWIFT_VERSION = 5.0;
				TARGETED_DEVICE_FAMILY = "1,2";
				TEST_HOST = "$(BUILT_PRODUCTS_DIR)/chpanPW8.app/chpanPW8";
			};
			name = Debug;
		};
		6D38C49F27E6053B00809373 /* Release */ = {
			isa = XCBuildConfiguration;
			buildSettings = {
				ALWAYS_EMBED_SWIFT_STANDARD_LIBRARIES = YES;
				BUNDLE_LOADER = "$(TEST_HOST)";
				CODE_SIGN_STYLE = Automatic;
				CURRENT_PROJECT_VERSION = 1;
				DEVELOPMENT_TEAM = ADA785NP67;
				GENERATE_INFOPLIST_FILE = YES;
				IPHONEOS_DEPLOYMENT_TARGET = 15.4;
				MARKETING_VERSION = 1.0;
				PRODUCT_BUNDLE_IDENTIFIER = HSE.chpanPW8Tests;
				PRODUCT_NAME = "$(TARGET_NAME)";
				SWIFT_EMIT_LOC_STRINGS = NO;
				SWIFT_VERSION = 5.0;
				TARGETED_DEVICE_FAMILY = "1,2";
				TEST_HOST = "$(BUILT_PRODUCTS_DIR)/chpanPW8.app/chpanPW8";
			};
			name = Release;
		};
		6D38C4A127E6053B00809373 /* Debug */ = {
			isa = XCBuildConfiguration;
			buildSettings = {
				ALWAYS_EMBED_SWIFT_STANDARD_LIBRARIES = YES;
				CODE_SIGN_STYLE = Automatic;
				CURRENT_PROJECT_VERSION = 1;
				DEVELOPMENT_TEAM = ADA785NP67;
				GENERATE_INFOPLIST_FILE = YES;
				MARKETING_VERSION = 1.0;
				PRODUCT_BUNDLE_IDENTIFIER = HSE.chpanPW8UITests;
				PRODUCT_NAME = "$(TARGET_NAME)";
				SWIFT_EMIT_LOC_STRINGS = NO;
				SWIFT_VERSION = 5.0;
				TARGETED_DEVICE_FAMILY = "1,2";
				TEST_TARGET_NAME = chpanPW8;
			};
			name = Debug;
		};
		6D38C4A227E6053B00809373 /* Release */ = {
			isa = XCBuildConfiguration;
			buildSettings = {
				ALWAYS_EMBED_SWIFT_STANDARD_LIBRARIES = YES;
				CODE_SIGN_STYLE = Automatic;
				CURRENT_PROJECT_VERSION = 1;
				DEVELOPMENT_TEAM = ADA785NP67;
				GENERATE_INFOPLIST_FILE = YES;
				MARKETING_VERSION = 1.0;
				PRODUCT_BUNDLE_IDENTIFIER = HSE.chpanPW8UITests;
				PRODUCT_NAME = "$(TARGET_NAME)";
				SWIFT_EMIT_LOC_STRINGS = NO;
				SWIFT_VERSION = 5.0;
				TARGETED_DEVICE_FAMILY = "1,2";
				TEST_TARGET_NAME = chpanPW8;
			};
			name = Release;
		};
/* End XCBuildConfiguration section */

/* Begin XCConfigurationList section */
		6D38C46B27E6053700809373 /* Build configuration list for PBXProject "chpanPW8" */ = {
			isa = XCConfigurationList;
			buildConfigurations = (
				6D38C49827E6053B00809373 /* Debug */,
				6D38C49927E6053B00809373 /* Release */,
			);
			defaultConfigurationIsVisible = 0;
			defaultConfigurationName = Release;
		};
		6D38C49A27E6053B00809373 /* Build configuration list for PBXNativeTarget "chpanPW8" */ = {
			isa = XCConfigurationList;
			buildConfigurations = (
				6D38C49B27E6053B00809373 /* Debug */,
				6D38C49C27E6053B00809373 /* Release */,
			);
			defaultConfigurationIsVisible = 0;
			defaultConfigurationName = Release;
		};
		6D38C49D27E6053B00809373 /* Build configuration list for PBXNativeTarget "chpanPW8Tests" */ = {
			isa = XCConfigurationList;
			buildConfigurations = (
				6D38C49E27E6053B00809373 /* Debug */,
				6D38C49F27E6053B00809373 /* Release */,
			);
			defaultConfigurationIsVisible = 0;
			defaultConfigurationName = Release;
		};
		6D38C4A027E6053B00809373 /* Build configuration list for PBXNativeTarget "chpanPW8UITests" */ = {
			isa = XCConfigurationList;
			buildConfigurations = (
				6D38C4A127E6053B00809373 /* Debug */,
				6D38C4A227E6053B00809373 /* Release */,
			);
			defaultConfigurationIsVisible = 0;
			defaultConfigurationName = Release;
		};
/* End XCConfigurationList section */
	};
	rootObject = 6D38C46827E6053700809373 /* Project object */;
}
